
Microsoft Visual Studio Solution File, Format Version 12.00
# Visual Studio Version 17
VisualStudioVersion = 17.8.34525.116
MinimumVisualStudioVersion = 10.0.40219.1
Project("{FAE04EC0-301F-11D3-BF4B-00C04F79EFBC}") = "calculator.delav", "calculator.delav.csproj", "{55A33B3D-49BE-4B11-8592-E94BD40CC4F4}"
EndProject
Global
	GlobalSection(SolutionConfigurationPlatforms) = preSolution
		Debug|Any CPU = Debug|Any CPU
		Release|Any CPU = Release|Any CPU
	EndGlobalSection
	GlobalSection(ProjectConfigurationPlatforms) = postSolution
		{55A33B3D-49BE-4B11-8592-E94BD40CC4F4}.Debug|Any CPU.ActiveCfg = Debug|Any CPU
		{55A33B3D-49BE-4B11-8592-E94BD40CC4F4}.Debug|Any CPU.Build.0 = Debug|Any CPU
		{55A33B3D-49BE-4B11-8592-E94BD40CC4F4}.Release|Any CPU.ActiveCfg = Release|Any CPU
		{55A33B3D-49BE-4B11-8592-E94BD40CC4F4}.Release|Any CPU.Build.0 = Release|Any CPU
	EndGlobalSection
	GlobalSection(SolutionProperties) = preSolution
		HideSolutionNode = FALSE
	EndGlobalSection
	GlobalSection(ExtensibilityGlobals) = postSolution
		SolutionGuid = {429986D5-485E-4687-866F-86B12D71AF4A}
	EndGlobalSection
EndGlobal
